
Microsoft Visual Studio Solution File, Format Version 12.00
# Visual Studio 15
VisualStudioVersion = 15.0.28307.271
MinimumVisualStudioVersion = 10.0.40219.1
Project("{FAE04EC0-301F-11D3-BF4B-00C04F79EFBC}") = "FowlerRefactoring2ndEd", "FowlerRefactoring2ndEd\FowlerRefactoring2ndEd.csproj", "{897B49B6-C4F7-4FFA-90B3-E4AA6C6FAD39}"
EndProject
Global
	GlobalSection(SolutionConfigurationPlatforms) = preSolution
		Debug|Any CPU = Debug|Any CPU
		Release|Any CPU = Release|Any CPU
	EndGlobalSection
	GlobalSection(ProjectConfigurationPlatforms) = postSolution
		{897B49B6-C4F7-4FFA-90B3-E4AA6C6FAD39}.Debug|Any CPU.ActiveCfg = Debug|Any CPU
		{897B49B6-C4F7-4FFA-90B3-E4AA6C6FAD39}.Debug|Any CPU.Build.0 = Debug|Any CPU
		{897B49B6-C4F7-4FFA-90B3-E4AA6C6FAD39}.Release|Any CPU.ActiveCfg = Release|Any CPU
		{897B49B6-C4F7-4FFA-90B3-E4AA6C6FAD39}.Release|Any CPU.Build.0 = Release|Any CPU
	EndGlobalSection
	GlobalSection(SolutionProperties) = preSolution
		HideSolutionNode = FALSE
	EndGlobalSection
	GlobalSection(ExtensibilityGlobals) = postSolution
		SolutionGuid = {59752165-DA45-46CB-BF68-9655B26F8316}
	EndGlobalSection
EndGlobal
